# SPDX-FileCopyrightText: The RamenDR authors
# SPDX-License-Identifier: Apache-2.0
#
# drenv-go parity baseline: sha256 of every upstream (Python drenv) file
# this Go port mirrors. Generated by `make parity-update`; checked by
# `make parity`. Re-baseline ONLY after reconciling drenv-go with the
# upstream change. Format: <sha256>  <path relative to ../drenv>
1ed1b69aac94e05512dd6c4e8d39a8cb6b993d540f491622b430f7ae8a77b0a9  __main__.py
853d4a799232b69f788ecef38b80780f915f2d253033d512e2c82cdca74d1115  addons/argocd/__init__.py
4438cabd1cd33b47db57958a9755bbf022c1e9ffcd3fd2569045882cb3d06b6a  addons/argocd/config.py
a6f8a3829715e19dd774fe6c1ef89fa99b53bb34db7ad7781552b771e4c7ccde  addons/argocd/start-data/argocd-mcsb.yaml
b2572e8d9620ac1e72df6a8bc95f044cc1c5e38aa584d65b216bd36b3a6e5035  addons/argocd/start-data/argocd-ns.yaml
e4c0514044f11cf8bcef47134daf4dc55744788c461904865aa48400e259e602  addons/argocd/start-data/kustomization.yaml
6f0fb63a380b904a607d02c1ffb9f2de1cf1a3d230d0cec88c214fd5a1daef76  addons/argocd/start.py
e39508f429282132e95303c29759eb8cbfe784aa30ae693b98e200b00604a022  addons/argocd/test.py
43ce03f756117278235a5043385d55e2313bad4e6e308ec4a30bbc04f23f5b8a  addons/csi_addons/__init__.py
32c4aae12e01f3255f0b80b5f31c7472f12df622f3f5aec5742b722cff7d4bfd  addons/csi_addons/config.py
a30af323f4609ef9ecfcf4711e0a7831df7a554df2be6464161a342e1a52d470  addons/csi_addons/start-data/kustomization.yaml
7fa9be18ebca35d3f70a41541d7cbfc5310eed66dfb7b106037ec7339ff97975  addons/csi_addons/start.py
43ce03f756117278235a5043385d55e2313bad4e6e308ec4a30bbc04f23f5b8a  addons/external_snapshotter/__init__.py
81f5a9266f8ccad9a410f458e29001bf25f15f931a611497f1631b7c65f326b1  addons/external_snapshotter/config.py
424eb362913a9300ea025b9a7ec4f389adbcb13bfe900785cc4f506002f649ab  addons/external_snapshotter/start-data/controller/kustomization.yaml
703e27e904d2e3bac7c666c53463a50748156fd0804ec2591749f4a1f28a3a3f  addons/external_snapshotter/start-data/crds/kustomization.yaml
937ff81a30333c742c6a1e57efaf55f602a8822d7e185ad1ce0cc883c95dcb21  addons/external_snapshotter/start.py
29da36e57c5de562d989618a1352e3d189c74f2deea09969c840a8a6be29bbe4  addons/minio/__init__.py
1e8ca368b28804cdecf37aa594ce4a24d27b1a4aa7d84201fc91f9aa66d29beb  addons/minio/config.py
340b6343dc52b389e3f8c7fd95d1152944e2fa6117e71aa6900f182aa23bd29b  addons/minio/delete.py
09553aa4a6cafdc405d139ac22e485b0b4a46c739d21d9c215f111254b43fc28  addons/minio/start-data/minio.yaml
d308a05b6fab5f31127fce7c20743c7ceeed14922aaddcf51d6ec361940faec2  addons/minio/start.py
0e84a89398ed274677a44c89a68098df7ae633ba782eb41ad9f75b56beb539fd  addons/minio/test.py
1c616f835230cacbaa4e8cdfdaf1709ee4929bd76ebdf1cdaaeaec7fee47bae2  addons/ocm/cluster/__init__.py
48e6d29a600a4469d32cd59376ef6d2397c66716f3847d10a9798f664fcf66d7  addons/ocm/cluster/start.py
d8111dc51b20acabe79ac34e7edd170a8c59e9f9bee92956b4ba5aca7f048b0d  addons/ocm/cluster/test-data/example-manifestwork.yaml
66702a2eded18b8c5c38d6f2ee49c2477e21bf10f61156eb08f0daf670907c2e  addons/ocm/cluster/test.py
43ce03f756117278235a5043385d55e2313bad4e6e308ec4a30bbc04f23f5b8a  addons/ocm/controller/__init__.py
bcbc44bdeb7cd4a2f7ab390f0e2ef0c1ccf8f6f37ecee90691bd494afd389286  addons/ocm/controller/config.py
595053a3093ac6ec4add3252531c1cc5541c606758770efb34dc74647e4678bd  addons/ocm/controller/start-data/kustomization.yaml
c0b420a7f698e7eda917a3836dea9875f7054319b31d3e716ad0e86b2476b881  addons/ocm/controller/start.py
b89c62976e09eac85b75b5c138a5c00219380b51a4e42ffe8e692f40a6874515  addons/ocm/hub/__init__.py
1b7f16b0c7503c605dc6fb154dcebeb037eaf6ed5bb3ab861a4d0922399b5a72  addons/ocm/hub/start.py
43ce03f756117278235a5043385d55e2313bad4e6e308ec4a30bbc04f23f5b8a  addons/olm/__init__.py
20fef1ce2a566920832e607aed347045e11e635f3310c3d6db793f67598a6f7d  addons/olm/config.py
02a81071bf34bbd5e67f36377b4157af1e92d08079e77ef437fde1f28acbc8ce  addons/olm/start-data/crds/kustomization.yaml
aa9a72d529f26712de69e7db91cb91feb29809cc2d2178075aefaf5483ece7a5  addons/olm/start-data/operators/kustomization.yaml
a312021818139bef715ae509e9b7a57ae4c9a8e01b5dceeaf98c8d6863fb5ae2  addons/olm/start.py
43ce03f756117278235a5043385d55e2313bad4e6e308ec4a30bbc04f23f5b8a  addons/recipe/__init__.py
af00ddca55c9052bb9f38fb827478409e27e4ae83e22fed16c9b0bed6ad73bb9  addons/recipe/config.py
1bb12c7a039e857d77cfb9e049f25fed54720a39e8c3ea8aa45cd6af44f4745f  addons/recipe/start-data/kustomization.yaml
911cbc9e6e1cd67215b7d3b3d2e23df2272e5b1e40754e37454c54a4debad2e7  addons/recipe/start.py
1c616f835230cacbaa4e8cdfdaf1709ee4929bd76ebdf1cdaaeaec7fee47bae2  addons/rook/cephfs/__init__.py
38f70f0f04d4f3cea931ce76a6f2d652180a3fa8a436765b9a0ae6cbb7128b81  addons/rook/cephfs/start-data/filesystem.yaml
2ccb2f06f4a01d5b8e9496ccb688733fc248a1651161bc1535cf188458eb5617  addons/rook/cephfs/start-data/snapshot-class.yaml
7196c3ee55271b8a75dbed0c3b09178926f953715603efe6828eada6b3dcf679  addons/rook/cephfs/start-data/snapshot-group-class.yaml
4017c1a076505848a217f0b978af640c5a0561bad8584447b4517d28d49e0c52  addons/rook/cephfs/start-data/storage-class.yaml
a0a433ac7a054e8c572db5deac5b011efb48ab785c232f9daacf94ae37be100d  addons/rook/cephfs/start.py
727d411225be17a6452bca04718f08f18bed4baeb68adf204045bf083fe8b8ee  addons/rook/cephfs/test-data/kustomization.yaml
9c89d94a90415fc0d7f5e492e0b4db647fa9bbaf276dd420c4cdb5b0045b4440  addons/rook/cephfs/test-data/namespace.yaml
a0cc864f351d75438698d96b636bbbedd6259e0b1eaddf257ba43eeaa3b8b865  addons/rook/cephfs/test-data/pvc.yaml
4ee3feee002f0397527b17f0fffb8646b256eb22e10b990ff6c19310d6916f90  addons/rook/cephfs/test-data/snapshot.yaml
6678140f7387a0e5f0f20927ee9e2e0f86517b39480834a7addfce3427ef46f8  addons/rook/cephfs/test.py
273ba79ce5c7b5ce624466972e79330f4ef271f86b132d401a3c6e34015426bc  addons/rook/cluster/__init__.py
a6ae8dd5ac3a78709bd7c9430d1b14cd9ca5eaf62418e9a5fc92640701d7d73e  addons/rook/cluster/kustomization.yaml
9969de1cc017e85863ab8d2535c6eeae083049b81ffac8d5ea0c6b54c36f2e9e  addons/rook/operator/__init__.py
0f1d54caf6100be37e0908c88e3d632964cbf3e1c99cba337d254e2ac10cfced  addons/rook/operator/start-data/deps/kustomization.yaml
baf2b22f9f8de06abf491d149a5f51d304b4905867c6db5e2a95fd5694ead702  addons/rook/operator/start-data/operator/kustomization.yaml
d7a2b41ac62b1fa9f342b71739778823bc930ff406027a38eddcd8f933868ad2  addons/rook/pool/__init__.py
2263f6b68e2f4266f88522b8d171dd9ed3846e7b37433532a25dd9041c672d0f  addons/rook/pool/replica-pool.yaml
422c3a4e76476af47023cd74381fe13fed3fee9fc0fc67f4ab9964bc78652994  addons/rook/pool/snapshot-class.yaml
c7ab1a55a4eedf45b9fc32da0ef19941a728b20d32167b847353f0cc203024eb  addons/rook/pool/storage-class.yaml
1c616f835230cacbaa4e8cdfdaf1709ee4929bd76ebdf1cdaaeaec7fee47bae2  addons/rook/rbd_mirror/__init__.py
4f0f985a4f55fd7f8b78758d1118379737335b21f3dda1c2db341c4fd12d9829  addons/rook/rbd_mirror/config.py
05b46d3e9351a386302e9b2b42997fd896353248389ca1905749da42b7188704  addons/rook/rbd_mirror/start-data/kustomization.yaml
c6663301d8cfe49786d44a770f80cd7b56801e46356ba77b53fa38c865d5f8f2  addons/rook/rbd_mirror/start-data/rbd-mirror-secret.yaml
769c43f3d8dc0b500439305f59a65c912f40c2533ebe50d11f9efa92e0c529ba  addons/rook/rbd_mirror/start-data/rbd-mirror.yaml
b1029654037297d06fc50854e64e0fe077d2cd174f46e2f834cb0e293dd66713  addons/rook/rbd_mirror/start-data/vgrc.yaml
a21cf9db3a8b8fe30b41fd42b1e75bf47462becb08efb988f9101cfcb969c0e2  addons/rook/rbd_mirror/start-data/vrc.yaml
0d15f2bec201b2c05b68a9da9664cd44f372deb8a0245f10600990f2bff780b6  addons/rook/rbd_mirror/start.py
108e2b5cea73595b8e29818943f7d668b6519b3f774b0768f7ea541caba5af7f  addons/rook/rbd_mirror/test-data/kustomization.yaml
3c8ff17ab03c6420b83a5f5068869fc91b987189091c52ba99c41bef68c6170e  addons/rook/rbd_mirror/test-data/namespace.yaml
3cb1c94f8084320321e6d9aebc0dbdb5e6a9ec7310eb8c76382576a8eca4d1ec  addons/rook/rbd_mirror/test-data/rbd-pvc.yaml
b99d4b0c66433b5264cf267900eff1a4e792e7f11f7eac145f2516c9361772fb  addons/rook/rbd_mirror/test-data/vgr-1m.yaml
5355d963b810fbfa4050fb54c8bd03d415be1c37a5f7e318e0ebe7edb1c78304  addons/rook/rbd_mirror/test-data/vr-1m.yaml
d4ef63caa001649a64cb70f69f0a7da15aeef48b21042f3aec38ddef452402cb  addons/rook/rbd_mirror/test.py
3c6a85e48a30132237dae9e14766bbf0cf6237980cfa406115d6c69ea6155ac4  addons/rook/toolbox/__init__.py
5f0ee8ff532bdd5adf7688d69742bcc3f72561df3cd69b3de148d240c11301cd  addons/rook/toolbox/kustomization.yaml
1c616f835230cacbaa4e8cdfdaf1709ee4929bd76ebdf1cdaaeaec7fee47bae2  addons/submariner/__init__.py
c9bb1406ba60ccaf143708d1c701aa867db448b8b3f39b41c89f47104e95f395  addons/submariner/start.py
673cf26703aafb77fbf552f7619cb241e287340ab0713849b181245c3d368dba  addons/submariner/test-data/base/dst/deploy.yaml
28175f1aa5c45e86c13af990eff595e9612b2005e54bc5ddacf8f958961d84bc  addons/submariner/test-data/base/dst/kustomization.yaml
45e301d28abbf1fd50bd3012da4aa074db124e23dd56d29796f6440c4d2f6970  addons/submariner/test-data/base/dst/namespace.yaml
280563d8dc9f78d6b7efe74606cf3c07b9407b374e83d5e123c5a114a8278ec4  addons/submariner/test-data/base/dst/service.yaml
99c070276bf92e2312753a5530b741ad186e0e5b0ba8fe84c01d88471f6e2844  addons/submariner/test-data/base/src/kustomization.yaml
45e301d28abbf1fd50bd3012da4aa074db124e23dd56d29796f6440c4d2f6970  addons/submariner/test-data/base/src/namespace.yaml
e44d8e1ecc80d7c933c54e41a00eed6b8c4273ae1291b5fafe91a60c9f9e6521  addons/submariner/test-data/base/src/pod.yaml
dfb327bebe00919549ce7e9847715b4faa1134f8474e4472e2a3a333143ecbb9  addons/submariner/test-data/ns1/dst/kustomization.yaml
6cdba3661a21cd9deee33ac7aa9aa14a095c06b9655e1c82ac96e015e6eca8c8  addons/submariner/test-data/ns1/src/kustomization.yaml
edd8d68cef0e7c20c2ac02a4fbf7ba185e663b40c255e4c06e1159fa5c4fb8ad  addons/submariner/test-data/ns2/dst/kustomization.yaml
58c35f2f9e89fceb46d3d16384ec459e3335371cd48610ae3b88455d4a72c6f3  addons/submariner/test-data/ns2/src/kustomization.yaml
36003c89167e29436132b87f7900e39f4980bae7e1922c4bf21701c28e35f427  addons/submariner/test.py
1c616f835230cacbaa4e8cdfdaf1709ee4929bd76ebdf1cdaaeaec7fee47bae2  addons/velero/__init__.py
53272f75d8fa8430e7bbd04f33bdebdf9b9688d4a752999962c46e5eee5c3daa  addons/velero/start.py
db2b5b6c79efd318f4bafd344893562ba2d024c4b8c315f5b8b895603bbe67a1  addons/velero/test-data/nginx.yaml
3500b2ce06be4923509727890ddc83e0cc2fe3d5b644025bf73cbe3d24683f6d  addons/velero/test.py
1c616f835230cacbaa4e8cdfdaf1709ee4929bd76ebdf1cdaaeaec7fee47bae2  addons/volsync/__init__.py
821a82391663a790d5346c0fea3474c95ef847900607783aa467f91be0bf09eb  addons/volsync/start.py
c9aac5a1556de5af819f4282bef69bf005c081638d034b976aee2bfa6f83dabb  addons/volsync/test-data/app/base/kustomization.yaml
32545984f6f651eb4a315f5a2a0102d1b42e04c07d516cde7c450c58a5a47eb5  addons/volsync/test-data/app/base/namespace.yaml
1a5419c44df22cc66ac0dc193e898a91a19f645121baef23134b8ba9d4991f3a  addons/volsync/test-data/app/base/pvc.yaml
0de741030dc9a893b677752c3e6690a70a96a4820fa02f1ff900df89a25ef72a  addons/volsync/test-data/app/block/deploy.yaml
86e2d48fe5e921a1e822768d7a98a6f690b6d441d565cd581943e622599cc128  addons/volsync/test-data/app/block/kustomization.yaml
f05cd994881a963970b1a2845f868b6a164a87d80b546bff9c423bc6a5c90d30  addons/volsync/test-data/app/file/deploy.yaml
c35512ad32af2d5c888ef58c3e42a8c4e941bf45824254c8a506988914033345  addons/volsync/test-data/app/file/kustomization.yaml
706e65ed83d15c9c5d761fd72213b2a02ba0f4edf02bbc73949e3cff7ebfe921  addons/volsync/test-data/rd/base/kustomization.yaml
32545984f6f651eb4a315f5a2a0102d1b42e04c07d516cde7c450c58a5a47eb5  addons/volsync/test-data/rd/base/namespace.yaml
f3b09e3ae38c1968354542482261c8014a3402489222563a455b870cf4b29714  addons/volsync/test-data/rd/base/pvc.yaml
b076661511f0e8fbace3e7037408a4d8172d3837bcd024d81d1853ee3ca286ec  addons/volsync/test-data/rd/base/rd.yaml
e240cb013719b27e5404933aa6fc7dfba266658a44352181f2427a10a8d98a5a  addons/volsync/test-data/rd/block/kustomization.yaml
df70ed3d57524cca4e61413a89d99dda9eaa21227d385fe77b904995b6ee3200  addons/volsync/test-data/rd/file/kustomization.yaml
feb5345942291c758d2684556820fdfd403d386c09450786b4f1bc9b380eeedd  addons/volsync/test-data/rs/block/rs.yaml
52d4d3836fd88842aa2e132eeb25755ae839b1d2e7496cd72d5901484639ab22  addons/volsync/test-data/rs/block/secret.yaml
987a454a6aa9eed5990f7917ed2154f7f8563fa738ef2b8fd2c4bc17a2c9fa57  addons/volsync/test-data/rs/file/rs.yaml
e1b6e9788cb62a131638f61eae43abd0f9da43081ceb72997895c6d4a341738f  addons/volsync/test-data/rs/file/secret.yaml
c8a37bec2e2778b68e99d6a657bb359395e4c1a61c68e93b0c304b07a1c472b6  addons/volsync/test.py
b5caf141b08f578682a08456e01fa8110bccff68f1b5fcac1fbde38a3feaa3d2  envfile.py
769538fe58dc1248cccfecb766019e1ed91d384533b5091940bca2a93b139543  kubectl.py
0dd4499c9a04b25a371c80cbf4b289afa998b897001c6a006fdb414ba0130665  providers/external.py
b9d3065d938313990e88c9a88c48220d3ef6d097c11c8161f1888ad43e374b33  providers/minikube/__init__.py
ebdc84991248ae0444c0ebd068c48566d64d0775e30f58a2f6114790f49ee243  providers/minikube/dns.py
8e6737e75abccf7b294b48f9e46cc8b59999364352af1a82fa8358a861f031bd  providers/minikube/networkextension.py
8fb492e688acae6537d6ec08e44039abb3d7acfe99bb74966dc8f2cfc7d3cb7c  ramen.py
744d08d0c6a1873da2a239028970355841fb7102fd79878712e71b26f09bda8f  subctl.py
